{
  "requires": true,
  "lockfileVersion": 1,
  "dependencies": {
    "grpc-web": {
      "version": "1.0.3",
      "resolved": "https://registry.npmjs.org/grpc-web/-/grpc-web-1.0.3.tgz",
      "integrity": "sha512-C1mk+55YgPAmU4OK36Fm+nZoo62KTmjSF4/aUHT/yfpKFKTR6r/O8aavyRWaXUT83EcsoZoQaWYWY/2hrOSRJg=="
    }
  }
}
